{
  "version": 4,
  "terraform_version": "1.11.4",
  "serial": 3,
  "lineage": "a10ad3ec-eac5-4def-784c-a4fe3e762108",
  "outputs": {
    "cluster_arn": {
      "value": "arn:aws:ecs:us-east-1:124355673305:cluster/k6-loadtest-cluster",
      "type": "string"
    },
    "cluster_name": {
      "value": "k6-loadtest-cluster",
      "type": "string"
    }
  },
  "resources": [
    {
      "module": "module.ecs_cluster",
      "mode": "managed",
      "type": "aws_cloudwatch_log_group",
      "name": "this",
      "provider": "provider[\"registry.terraform.io/hashicorp/aws\"]",
      "instances": [
        {
          "index_key": 0,
          "schema_version": 0,
          "attributes": {
            "arn": "arn:aws:logs:us-east-1:124355673305:log-group:/aws/ecs/k6-loadtest-cluster",
            "id": "/aws/ecs/k6-loadtest-cluster",
            "kms_key_id": "",
            "log_group_class": "STANDARD",
            "name": "/aws/ecs/k6-loadtest-cluster",
            "name_prefix": "",
            "retention_in_days": 90,
            "skip_destroy": false,
            "tags": null,
            "tags_all": {}
          },
          "sensitive_attributes": [],
          "private": "bnVsbA=="
        }
      ]
    },
    {
      "module": "module.ecs_cluster",
      "mode": "managed",
      "type": "aws_ecs_cluster",
      "name": "this",
      "provider": "provider[\"registry.terraform.io/hashicorp/aws\"]",
      "instances": [
        {
          "index_key": 0,
          "schema_version": 0,
          "attributes": {
            "arn": "arn:aws:ecs:us-east-1:124355673305:cluster/k6-loadtest-cluster",
            "configuration": [
              {
                "execute_command_configuration": [
                  {
                    "kms_key_id": "",
                    "log_configuration": [],
                    "logging": "DEFAULT"
                  }
                ],
                "managed_storage_configuration": []
              }
            ],
            "id": "arn:aws:ecs:us-east-1:124355673305:cluster/k6-loadtest-cluster",
            "name": "k6-loadtest-cluster",
            "service_connect_defaults": [],
            "setting": [
              {
                "name": "containerInsights",
                "value": "enabled"
              }
            ],
            "tags": null,
            "tags_all": {}
          },
          "sensitive_attributes": [],
          "private": "bnVsbA==",
          "dependencies": [
            "module.ecs_cluster.aws_cloudwatch_log_group.this"
          ]
        }
      ]
    }
  ],
  "check_results": null
}
